
Microsoft Visual Studio Solution File, Format Version 12.00
# Visual Studio Version 16
VisualStudioVersion = 16.0.31729.503
MinimumVisualStudioVersion = 10.0.40219.1
Project("{FAE04EC0-301F-11D3-BF4B-00C04F79EFBC}") = "DeltaMemo", "DeltaMemo\DeltaMemo.csproj", "{158D7202-0560-4F17-98A7-3086C9ACDE37}"
EndProject
Global
	GlobalSection(SolutionConfigurationPlatforms) = preSolution
		Debug|Any CPU = Debug|Any CPU
		Release|Any CPU = Release|Any CPU
	EndGlobalSection
	GlobalSection(ProjectConfigurationPlatforms) = postSolution
		{158D7202-0560-4F17-98A7-3086C9ACDE37}.Debug|Any CPU.ActiveCfg = Debug|Any CPU
		{158D7202-0560-4F17-98A7-3086C9ACDE37}.Debug|Any CPU.Build.0 = Debug|Any CPU
		{158D7202-0560-4F17-98A7-3086C9ACDE37}.Release|Any CPU.ActiveCfg = Release|Any CPU
		{158D7202-0560-4F17-98A7-3086C9ACDE37}.Release|Any CPU.Build.0 = Release|Any CPU
	EndGlobalSection
	GlobalSection(SolutionProperties) = preSolution
		HideSolutionNode = FALSE
	EndGlobalSection
	GlobalSection(ExtensibilityGlobals) = postSolution
		SolutionGuid = {8BF7E094-C280-43A9-B458-E6123519D9DA}
	EndGlobalSection
EndGlobal
